version = 1
revision = 3
requires-python = ">=3.11"

[[package]]
name = "async-timeout"
version = "5.0.1"
source = { registry = "https://pypi.org/simple" }
sdist = { url = "https://files.pythonhosted.org/packages/a5/ae/136395dfbfe00dfc94da3f3e136d0b13f394cba8f4841120e34226265780/async_timeout-5.0.1.tar.gz", hash = "sha256:d9321a7a3d5a6a5e187e824d2fa0793ce379a202935782d555d6e9d2735677d3", size = 9274, upload-time = "2024-11-06T16:41:39.6Z" }
wheels = [
    { url = "https://files.pythonhosted.org/packages/fe/ba/e2081de779ca30d473f21f5b30e0e737c438205440784c7dfc81efc2b029/async_timeout-5.0.1-py3-none-any.whl", hash = "sha256:39e3809566ff85354557ec2398b55e096c8364bacac9405a7a1fa429e77fe76c", size = 6233, upload-time = "2024-11-06T16:41:37.9Z" },
]

[[package]]
name = "colorama"
version = "0.4.6"
source = { registry = "https://pypi.org/simple" }
sdist = { url = "https://files.pythonhosted.org/packages/d8/53/6f443c9a4a8358a93a6792e2acffb9d9d5cb0a5cfd8802644b7b1c9a02e4/colorama-0.4.6.tar.gz", hash = "sha256:08695f5cb7ed6e0531a20572697297273c47b8cae5a63ffc6d6ed5c201be6e44", size = 27697, upload-time = "2022-10-25T02:36:22.414Z" }
wheels = [
    { url = "https://files.pythonhosted.org/packages/d1/d6/3965ed04c63042e047cb6a3e6ed1a63a35087b6a609aa3a15ed8ac56c221/colorama-0.4.6-py2.py3-none-any.whl", hash = "sha256:4f1d9991f5acc0ca119f9d443620b77f9d6b33703e51011c16baf57afb285fc6", size = 25335, upload-time = "2022-10-25T02:36:20.889Z" },
]

[[package]]
name = "falkordb"
version = "1.7.1"
source = { registry = "https://pypi.org/simple" }
dependencies = [
    { name = "python-dateutil" },
    { name = "redis" },
]
sdist = { url = "https://files.pythonhosted.org/packages/98/d3/799a947869d9b8dd4cfcc6dc9654869874b1130375a78033b5a92362dc67/falkordb-1.7.1.tar.gz", hash = "sha256:09dd89dfb668c6fe7741c0ec67fcdb5c7a4b009e87f065a644199170f4fa5766", size = 121375, upload-time = "2026-08-13T13:17:39.652Z" }
wheels = [
    { url = "https://files.pythonhosted.org/packages/bf/43/41967fad8b625e2b319e03a1c8897535dd1e05723a051342422b48b870da/falkordb-1.7.1-py3-none-any.whl", hash = "sha256:0e62d535edd5abf7b6d35e2493fba71118734313436ff803fcd5d1b20e9e2194", size = 38283, upload-time = "2026-08-13T13:17:38.257Z" },
]

[[package]]
name = "python-dateutil"
version = "2.9.0.post0"
source = { registry = "https://pypi.org/simple" }
dependencies = [
    { name = "six" },
]
sdist = { url = "https://files.pythonhosted.org/packages/66/c0/0c8b6ad9f17a802ee498c46e004a0eb49bc148f2fd230864601a86dcf6db/python-dateutil-2.9.0.post0.tar.gz", hash = "sha256:37dd54208da7e1cd875388217d5e00ebd4179249f90fb72437e91a35459a0ad3", size = 342432, upload-time = "2024-03-01T18:36:20.211Z" }
wheels = [
    { url = "https://files.pythonhosted.org/packages/ec/57/56b9bcc3c9c6a792fcbaf139543cee77261f3651ca9da0c93f5c1221264b/python_dateutil-2.9.0.post0-py2.py3-none-any.whl", hash = "sha256:a8b2bc7bffae282281c8140a97d3aa9c14da0b136dfe83f850eea9a5f7470427", size = 229892, upload-time = "2024-03-01T18:36:18.57Z" },
]

[[package]]
name = "redis"
version = "8.1.0"
source = { registry = "https://pypi.org/simple" }
dependencies = [
    { name = "async-timeout", marker = "python_full_version < '3.11.3'" },
]
sdist = { url = "https://files.pythonhosted.org/packages/a8/99/604f0b666d4c616d891cf77ebb9db6bb21601344c051aebf1b72b9ff915f/redis-8.1.0.tar.gz", hash = "sha256:6e1a19beef9225c83efd689c7e6b7da2d5215b1f42cd13b7fc3714d0a09c7b25", size = 5254356, upload-time = "2026-07-30T08:51:00.269Z" }
wheels = [
    { url = "https://files.pythonhosted.org/packages/66/9d/c5731f6e3608663d4d3656fd8d3aecee8b509c3082818f5a13eae925baea/redis-8.1.0-py3-none-any.whl", hash = "sha256:a4fe1aac3d3b3cc791d4b3d5931c5a956045dc951ee74d1c913ee3ac4d2ee9fb", size = 560618, upload-time = "2026-07-30T08:50:58.497Z" },
]

[[package]]
name = "six"
version = "1.17.0"
source = { registry = "https://pypi.org/simple" }
sdist = { url = "https://files.pythonhosted.org/packages/94/e7/b2c673351809dca68a0e064b6af791aa332cf192da575fd474ed7d6f16a2/six-1.17.0.tar.gz", hash = "sha256:ff70335d468e7eb6ec65b95b99d3a2836546063f63acc5171de367e834932a81", size = 34031, upload-time = "2024-12-04T17:35:28.174Z" }
wheels = [
    { url = "https://files.pythonhosted.org/packages/b7/ce/149a00dd41f10bc29e5921b496af8b574d8413afcd5e30dfa0ed46c2cc5e/six-1.17.0-py2.py3-none-any.whl", hash = "sha256:4721f391ed90541fddacab5acf947aa0d3dc7d27b2e1e8eda2be8970586c3274", size = 11050, upload-time = "2024-12-04T17:35:26.475Z" },
]

[[package]]
name = "tekton-scraper"
version = "0.1.0"
source = { editable = "." }
dependencies = [
    { name = "falkordb" },
    { name = "tqdm" },
]

[package.metadata]
requires-dist = [
    { name = "falkordb", specifier = ">=1.7.1" },
    { name = "tqdm", specifier = ">=4.66" },
]

[[package]]
name = "tqdm"
version = "4.70.1"
source = { registry = "https://pypi.org/simple" }
dependencies = [
    { name = "colorama", marker = "sys_platform == 'win32'" },
]
sdist = { url = "https://files.pythonhosted.org/packages/0d/ea/b2a5bd54b28a324dae8211928b2d730b6547500342c7e6c6dea08bd0a485/tqdm-4.70.1.tar.gz", hash = "sha256:cefd0eca11b2a37a3aee776544d4f4ae913f02688135b5556b8788dfa474afc4", size = 171846, upload-time = "2026-09-11T07:25:16.601Z" }
wheels = [
    { url = "https://files.pythonhosted.org/packages/a7/03/921a3d3c75785aca9ebfbfcabfbc3a1be12e2ab5265deb026d55a5a3f83e/tqdm-4.70.1-py3-none-any.whl", hash = "sha256:c293e525e6fef9c20e8728fd4612df02a0aa31bb5fe91ecd93e123b1b7bffa73", size = 80199, upload-time = "2026-09-11T07:25:14.599Z" },
]
